
Microsoft Visual Studio Solution File, Format Version 12.00
# Visual Studio 15
VisualStudioVersion = 15.0.28307.102
MinimumVisualStudioVersion = 10.0.40219.1
Project("{FAE04EC0-301F-11D3-BF4B-00C04F79EFBC}") = "汇源印刷包装科技(天津)ERP数据查询", "ERPInquire\汇源印刷包装科技(天津)ERP数据查询.csproj", "{925482F2-9500-4630-B904-AC99C0AED9B7}"
EndProject
Project("{8BC9CEB8-8B4A-11D0-8D11-00A0C91BC942}") = "Drawing", "Drawing\Drawing.vcxproj", "{D65B27E9-CA57-487D-9959-2C5F670FA6F3}"
EndProject
Project("{FAE04EC0-301F-11D3-BF4B-00C04F79EFBC}") = "filesNewData", "..\filesNew\filesNewData\filesNewData.csproj", "{C9A7018C-C715-4E4D-B865-6D58039BB915}"
EndProject
Global
	GlobalSection(SolutionConfigurationPlatforms) = preSolution
		Debug|Any CPU = Debug|Any CPU
		Debug|x64 = Debug|x64
		Debug|x86 = Debug|x86
		Release|Any CPU = Release|Any CPU
		Release|x64 = Release|x64
		Release|x86 = Release|x86
	EndGlobalSection
	GlobalSection(ProjectConfigurationPlatforms) = postSolution
		{925482F2-9500-4630-B904-AC99C0AED9B7}.Debug|Any CPU.ActiveCfg = Debug|Any CPU
		{925482F2-9500-4630-B904-AC99C0AED9B7}.Debug|Any CPU.Build.0 = Debug|Any CPU
		{925482F2-9500-4630-B904-AC99C0AED9B7}.Debug|x64.ActiveCfg = Debug|Any CPU
		{925482F2-9500-4630-B904-AC99C0AED9B7}.Debug|x64.Build.0 = Debug|Any CPU
		{925482F2-9500-4630-B904-AC99C0AED9B7}.Debug|x86.ActiveCfg = Debug|Any CPU
		{925482F2-9500-4630-B904-AC99C0AED9B7}.Debug|x86.Build.0 = Debug|Any CPU
		{925482F2-9500-4630-B904-AC99C0AED9B7}.Release|Any CPU.ActiveCfg = Release|Any CPU
		{925482F2-9500-4630-B904-AC99C0AED9B7}.Release|Any CPU.Build.0 = Release|Any CPU
		{925482F2-9500-4630-B904-AC99C0AED9B7}.Release|x64.ActiveCfg = Release|Any CPU
		{925482F2-9500-4630-B904-AC99C0AED9B7}.Release|x64.Build.0 = Release|Any CPU
		{925482F2-9500-4630-B904-AC99C0AED9B7}.Release|x86.ActiveCfg = Release|x86
		{925482F2-9500-4630-B904-AC99C0AED9B7}.Release|x86.Build.0 = Release|x86
		{D65B27E9-CA57-487D-9959-2C5F670FA6F3}.Debug|Any CPU.ActiveCfg = Debug|Win32
		{D65B27E9-CA57-487D-9959-2C5F670FA6F3}.Debug|x64.ActiveCfg = Debug|x64
		{D65B27E9-CA57-487D-9959-2C5F670FA6F3}.Debug|x64.Build.0 = Debug|x64
		{D65B27E9-CA57-487D-9959-2C5F670FA6F3}.Debug|x86.ActiveCfg = Debug|Win32
		{D65B27E9-CA57-487D-9959-2C5F670FA6F3}.Debug|x86.Build.0 = Debug|Win32
		{D65B27E9-CA57-487D-9959-2C5F670FA6F3}.Release|Any CPU.ActiveCfg = Release|Win32
		{D65B27E9-CA57-487D-9959-2C5F670FA6F3}.Release|x64.ActiveCfg = Release|x64
		{D65B27E9-CA57-487D-9959-2C5F670FA6F3}.Release|x64.Build.0 = Release|x64
		{D65B27E9-CA57-487D-9959-2C5F670FA6F3}.Release|x86.ActiveCfg = Release|Win32
		{D65B27E9-CA57-487D-9959-2C5F670FA6F3}.Release|x86.Build.0 = Release|Win32
		{C9A7018C-C715-4E4D-B865-6D58039BB915}.Debug|Any CPU.ActiveCfg = Debug|Any CPU
		{C9A7018C-C715-4E4D-B865-6D58039BB915}.Debug|Any CPU.Build.0 = Debug|Any CPU
		{C9A7018C-C715-4E4D-B865-6D58039BB915}.Debug|x64.ActiveCfg = Debug|Any CPU
		{C9A7018C-C715-4E4D-B865-6D58039BB915}.Debug|x64.Build.0 = Debug|Any CPU
		{C9A7018C-C715-4E4D-B865-6D58039BB915}.Debug|x86.ActiveCfg = Debug|Any CPU
		{C9A7018C-C715-4E4D-B865-6D58039BB915}.Debug|x86.Build.0 = Debug|Any CPU
		{C9A7018C-C715-4E4D-B865-6D58039BB915}.Release|Any CPU.ActiveCfg = Release|Any CPU
		{C9A7018C-C715-4E4D-B865-6D58039BB915}.Release|Any CPU.Build.0 = Release|Any CPU
		{C9A7018C-C715-4E4D-B865-6D58039BB915}.Release|x64.ActiveCfg = Release|Any CPU
		{C9A7018C-C715-4E4D-B865-6D58039BB915}.Release|x64.Build.0 = Release|Any CPU
		{C9A7018C-C715-4E4D-B865-6D58039BB915}.Release|x86.ActiveCfg = Release|Any CPU
		{C9A7018C-C715-4E4D-B865-6D58039BB915}.Release|x86.Build.0 = Release|Any CPU
	EndGlobalSection
	GlobalSection(SolutionProperties) = preSolution
		HideSolutionNode = FALSE
	EndGlobalSection
	GlobalSection(ExtensibilityGlobals) = postSolution
		SolutionGuid = {A7C8915C-9195-4514-B040-CF99986A4E41}
	EndGlobalSection
EndGlobal
